
Microsoft Visual Studio Solution File, Format Version 12.00
# Visual Studio 15
VisualStudioVersion = 15.0.27428.2037
MinimumVisualStudioVersion = 10.0.40219.1
Project("{FAE04EC0-301F-11D3-BF4B-00C04F79EFBC}") = "FibonacciEnumerator", "FibonacciEnumerator\FibonacciEnumerator.csproj", "{15FDA3BD-6E42-4F52-BF4B-67761FCF6009}"
EndProject
Project("{FAE04EC0-301F-11D3-BF4B-00C04F79EFBC}") = "FormdanFormaVeri_2", "FormdanFormaVeri_2\FormdanFormaVeri_2.csproj", "{189AC5A5-5128-41CB-A231-26F1E64F5B65}"
EndProject
Global
	GlobalSection(SolutionConfigurationPlatforms) = preSolution
		Debug|Any CPU = Debug|Any CPU
		Release|Any CPU = Release|Any CPU
	EndGlobalSection
	GlobalSection(ProjectConfigurationPlatforms) = postSolution
		{15FDA3BD-6E42-4F52-BF4B-67761FCF6009}.Debug|Any CPU.ActiveCfg = Debug|Any CPU
		{15FDA3BD-6E42-4F52-BF4B-67761FCF6009}.Debug|Any CPU.Build.0 = Debug|Any CPU
		{15FDA3BD-6E42-4F52-BF4B-67761FCF6009}.Release|Any CPU.ActiveCfg = Release|Any CPU
		{15FDA3BD-6E42-4F52-BF4B-67761FCF6009}.Release|Any CPU.Build.0 = Release|Any CPU
		{189AC5A5-5128-41CB-A231-26F1E64F5B65}.Debug|Any CPU.ActiveCfg = Debug|Any CPU
		{189AC5A5-5128-41CB-A231-26F1E64F5B65}.Debug|Any CPU.Build.0 = Debug|Any CPU
		{189AC5A5-5128-41CB-A231-26F1E64F5B65}.Release|Any CPU.ActiveCfg = Release|Any CPU
		{189AC5A5-5128-41CB-A231-26F1E64F5B65}.Release|Any CPU.Build.0 = Release|Any CPU
	EndGlobalSection
	GlobalSection(SolutionProperties) = preSolution
		HideSolutionNode = FALSE
	EndGlobalSection
	GlobalSection(ExtensibilityGlobals) = postSolution
		SolutionGuid = {1048F3C2-050F-4AEA-BE83-06DC39643E6E}
	EndGlobalSection
EndGlobal
